Microsoft Visual Studio Solution File, Format Version 9.00
# Visual Studio 2005
Project("{8BC9CEB8-8B4A-11D0-8D11-00A0C91BC942}") = "smokeview", "sv5p0\smokeview\smokeview.vcproj", "{B5DE0296-0FDF-44C3-AE00-601041F7D042}"
	ProjectSection(ProjectDependencies) = postProject
		{718D5B43-A244-495A-96B0-35992E671645} = {718D5B43-A244-495A-96B0-35992E671645}
		{9CDA6255-175F-40F8-9BCF-8820879D179B} = {9CDA6255-175F-40F8-9BCF-8820879D179B}
		{9D88227F-6D26-4EE5-AB75-3D1AFD77043D} = {9D88227F-6D26-4EE5-AB75-3D1AFD77043D}
		{625D78A1-210D-4F9C-A445-30A037610A40} = {625D78A1-210D-4F9C-A445-30A037610A40}
		{E3B67ED2-0731-4B71-B33F-4735B23102A2} = {E3B67ED2-0731-4B71-B33F-4735B23102A2}
		{4E5332EC-2DE0-49A0-8817-453FCCAA1B40} = {4E5332EC-2DE0-49A0-8817-453FCCAA1B40}
		{4A51F5FA-B959-41D9-B301-0207AD4EE3A0} = {4A51F5FA-B959-41D9-B301-0207AD4EE3A0}
	EndProjectSection
EndProject
Project("{8BC9CEB8-8B4A-11D0-8D11-00A0C91BC942}") = "gd", "gd\gd.vcproj", "{E3B67ED2-0731-4B71-B33F-4735B23102A2}"
	ProjectSection(ProjectDependencies) = postProject
		{9D88227F-6D26-4EE5-AB75-3D1AFD77043D} = {9D88227F-6D26-4EE5-AB75-3D1AFD77043D}
		{718D5B43-A244-495A-96B0-35992E671645} = {718D5B43-A244-495A-96B0-35992E671645}
	EndProjectSection
EndProject
Project("{8BC9CEB8-8B4A-11D0-8D11-00A0C91BC942}") = "glui", "glui\glui.vcproj", "{625D78A1-210D-4F9C-A445-30A037610A40}"
	ProjectSection(ProjectDependencies) = postProject
		{4A51F5FA-B959-41D9-B301-0207AD4EE3A0} = {4A51F5FA-B959-41D9-B301-0207AD4EE3A0}
	EndProjectSection
EndProject
Project("{8BC9CEB8-8B4A-11D0-8D11-00A0C91BC942}") = "jpeg", "jpeg\jpeg.vcproj", "{9D88227F-6D26-4EE5-AB75-3D1AFD77043D}"
EndProject
Project("{8BC9CEB8-8B4A-11D0-8D11-00A0C91BC942}") = "png", "png\png.vcproj", "{718D5B43-A244-495A-96B0-35992E671645}"
	ProjectSection(ProjectDependencies) = postProject
		{4E5332EC-2DE0-49A0-8817-453FCCAA1B40} = {4E5332EC-2DE0-49A0-8817-453FCCAA1B40}
	EndProjectSection
EndProject
Project("{8BC9CEB8-8B4A-11D0-8D11-00A0C91BC942}") = "zlib", "zlib\zlib.vcproj", "{4E5332EC-2DE0-49A0-8817-453FCCAA1B40}"
EndProject
Project("{6989167D-11E4-40FE-8C1A-2192A86A7E90}") = "smokeview_fort", "smokeview_fort\smokeview_fort\smokeview_fort.vfproj", "{9CDA6255-175F-40F8-9BCF-8820879D179B}"
EndProject
Project("{8BC9CEB8-8B4A-11D0-8D11-00A0C91BC942}") = "glut", "glut\glut.vcproj", "{4A51F5FA-B959-41D9-B301-0207AD4EE3A0}"
EndProject
Project("{8BC9CEB8-8B4A-11D0-8D11-00A0C91BC942}") = "smokezip", "smokezip\smokezip.vcproj", "{EDA37B7D-A8F6-4818-9ED7-8000B868C01C}"
	ProjectSection(ProjectDependencies) = postProject
		{4E5332EC-2DE0-49A0-8817-453FCCAA1B40} = {4E5332EC-2DE0-49A0-8817-453FCCAA1B40}
		{A1898641-4730-4ED7-B52D-F50264654D8B} = {A1898641-4730-4ED7-B52D-F50264654D8B}
	EndProjectSection
EndProject
Project("{6989167D-11E4-40FE-8C1A-2192A86A7E90}") = "smokezip_fort", "smokezip_fort\smokezip_fort.vfproj", "{A1898641-4730-4ED7-B52D-F50264654D8B}"
EndProject
Global
	GlobalSection(SolutionConfigurationPlatforms) = preSolution
		Debug|Win32 = Debug|Win32
		Release|Win32 = Release|Win32
		sv5_test_debug|Win32 = sv5_test_debug|Win32
		sv5_test|Win32 = sv5_test|Win32
	EndGlobalSection
	GlobalSection(ProjectConfigurationPlatforms) = postSolution
		{B5DE0296-0FDF-44C3-AE00-601041F7D042}.Debug|Win32.ActiveCfg = Debug|Win32
		{B5DE0296-0FDF-44C3-AE00-601041F7D042}.Debug|Win32.Build.0 = Debug|Win32
		{B5DE0296-0FDF-44C3-AE00-601041F7D042}.Release|Win32.ActiveCfg = Release|Win32
		{B5DE0296-0FDF-44C3-AE00-601041F7D042}.Release|Win32.Build.0 = Release|Win32
		{B5DE0296-0FDF-44C3-AE00-601041F7D042}.sv5_test_debug|Win32.ActiveCfg = sv5_test_debug|Win32
		{B5DE0296-0FDF-44C3-AE00-601041F7D042}.sv5_test_debug|Win32.Build.0 = sv5_test_debug|Win32
		{B5DE0296-0FDF-44C3-AE00-601041F7D042}.sv5_test|Win32.ActiveCfg = sv5_test|Win32
		{B5DE0296-0FDF-44C3-AE00-601041F7D042}.sv5_test|Win32.Build.0 = sv5_test|Win32
		{E3B67ED2-0731-4B71-B33F-4735B23102A2}.Debug|Win32.ActiveCfg = Debug|Win32
		{E3B67ED2-0731-4B71-B33F-4735B23102A2}.Debug|Win32.Build.0 = Debug|Win32
		{E3B67ED2-0731-4B71-B33F-4735B23102A2}.Release|Win32.ActiveCfg = Release|Win32
		{E3B67ED2-0731-4B71-B33F-4735B23102A2}.Release|Win32.Build.0 = Release|Win32
		{E3B67ED2-0731-4B71-B33F-4735B23102A2}.sv5_test_debug|Win32.ActiveCfg = sv5_test_debug|Win32
		{E3B67ED2-0731-4B71-B33F-4735B23102A2}.sv5_test_debug|Win32.Build.0 = sv5_test_debug|Win32
		{E3B67ED2-0731-4B71-B33F-4735B23102A2}.sv5_test|Win32.ActiveCfg = sv5_test|Win32
		{E3B67ED2-0731-4B71-B33F-4735B23102A2}.sv5_test|Win32.Build.0 = sv5_test|Win32
		{625D78A1-210D-4F9C-A445-30A037610A40}.Debug|Win32.ActiveCfg = Debug|Win32
		{625D78A1-210D-4F9C-A445-30A037610A40}.Debug|Win32.Build.0 = Debug|Win32
		{625D78A1-210D-4F9C-A445-30A037610A40}.Release|Win32.ActiveCfg = Release|Win32
		{625D78A1-210D-4F9C-A445-30A037610A40}.Release|Win32.Build.0 = Release|Win32
		{625D78A1-210D-4F9C-A445-30A037610A40}.sv5_test_debug|Win32.ActiveCfg = sv5_test_debug|Win32
		{625D78A1-210D-4F9C-A445-30A037610A40}.sv5_test_debug|Win32.Build.0 = sv5_test_debug|Win32
		{625D78A1-210D-4F9C-A445-30A037610A40}.sv5_test|Win32.ActiveCfg = sv5_test|Win32
		{625D78A1-210D-4F9C-A445-30A037610A40}.sv5_test|Win32.Build.0 = sv5_test|Win32
		{9D88227F-6D26-4EE5-AB75-3D1AFD77043D}.Debug|Win32.ActiveCfg = Debug|Win32
		{9D88227F-6D26-4EE5-AB75-3D1AFD77043D}.Debug|Win32.Build.0 = Debug|Win32
		{9D88227F-6D26-4EE5-AB75-3D1AFD77043D}.Release|Win32.ActiveCfg = Release|Win32
		{9D88227F-6D26-4EE5-AB75-3D1AFD77043D}.Release|Win32.Build.0 = Release|Win32
		{9D88227F-6D26-4EE5-AB75-3D1AFD77043D}.sv5_test_debug|Win32.ActiveCfg = sv5_test_debug|Win32
		{9D88227F-6D26-4EE5-AB75-3D1AFD77043D}.sv5_test_debug|Win32.Build.0 = sv5_test_debug|Win32
		{9D88227F-6D26-4EE5-AB75-3D1AFD77043D}.sv5_test|Win32.ActiveCfg = sv5_test|Win32
		{9D88227F-6D26-4EE5-AB75-3D1AFD77043D}.sv5_test|Win32.Build.0 = sv5_test|Win32
		{718D5B43-A244-495A-96B0-35992E671645}.Debug|Win32.ActiveCfg = Debug|Win32
		{718D5B43-A244-495A-96B0-35992E671645}.Debug|Win32.Build.0 = Debug|Win32
		{718D5B43-A244-495A-96B0-35992E671645}.Release|Win32.ActiveCfg = Release|Win32
		{718D5B43-A244-495A-96B0-35992E671645}.Release|Win32.Build.0 = Release|Win32
		{718D5B43-A244-495A-96B0-35992E671645}.sv5_test_debug|Win32.ActiveCfg = sv5_test_debug|Win32
		{718D5B43-A244-495A-96B0-35992E671645}.sv5_test_debug|Win32.Build.0 = sv5_test_debug|Win32
		{718D5B43-A244-495A-96B0-35992E671645}.sv5_test|Win32.ActiveCfg = sv5_test|Win32
		{718D5B43-A244-495A-96B0-35992E671645}.sv5_test|Win32.Build.0 = sv5_test|Win32
		{4E5332EC-2DE0-49A0-8817-453FCCAA1B40}.Debug|Win32.ActiveCfg = Debug|Win32
		{4E5332EC-2DE0-49A0-8817-453FCCAA1B40}.Debug|Win32.Build.0 = Debug|Win32
		{4E5332EC-2DE0-49A0-8817-453FCCAA1B40}.Release|Win32.ActiveCfg = Release|Win32
		{4E5332EC-2DE0-49A0-8817-453FCCAA1B40}.Release|Win32.Build.0 = Release|Win32
		{4E5332EC-2DE0-49A0-8817-453FCCAA1B40}.sv5_test_debug|Win32.ActiveCfg = sv5_test_debug|Win32
		{4E5332EC-2DE0-49A0-8817-453FCCAA1B40}.sv5_test_debug|Win32.Build.0 = sv5_test_debug|Win32
		{4E5332EC-2DE0-49A0-8817-453FCCAA1B40}.sv5_test|Win32.ActiveCfg = sv5_test|Win32
		{4E5332EC-2DE0-49A0-8817-453FCCAA1B40}.sv5_test|Win32.Build.0 = sv5_test|Win32
		{9CDA6255-175F-40F8-9BCF-8820879D179B}.Debug|Win32.ActiveCfg = Debug|Win32
		{9CDA6255-175F-40F8-9BCF-8820879D179B}.Debug|Win32.Build.0 = Debug|Win32
		{9CDA6255-175F-40F8-9BCF-8820879D179B}.Release|Win32.ActiveCfg = Release|Win32
		{9CDA6255-175F-40F8-9BCF-8820879D179B}.Release|Win32.Build.0 = Release|Win32
		{9CDA6255-175F-40F8-9BCF-8820879D179B}.sv5_test_debug|Win32.ActiveCfg = sv5_test_debug|Win32
		{9CDA6255-175F-40F8-9BCF-8820879D179B}.sv5_test_debug|Win32.Build.0 = sv5_test_debug|Win32
		{9CDA6255-175F-40F8-9BCF-8820879D179B}.sv5_test|Win32.ActiveCfg = sv5_test|Win32
		{9CDA6255-175F-40F8-9BCF-8820879D179B}.sv5_test|Win32.Build.0 = sv5_test|Win32
		{4A51F5FA-B959-41D9-B301-0207AD4EE3A0}.Debug|Win32.ActiveCfg = Debug|Win32
		{4A51F5FA-B959-41D9-B301-0207AD4EE3A0}.Debug|Win32.Build.0 = Debug|Win32
		{4A51F5FA-B959-41D9-B301-0207AD4EE3A0}.Release|Win32.ActiveCfg = Release|Win32
		{4A51F5FA-B959-41D9-B301-0207AD4EE3A0}.Release|Win32.Build.0 = Release|Win32
		{4A51F5FA-B959-41D9-B301-0207AD4EE3A0}.sv5_test_debug|Win32.ActiveCfg = sv5_test_debug|Win32
		{4A51F5FA-B959-41D9-B301-0207AD4EE3A0}.sv5_test_debug|Win32.Build.0 = sv5_test_debug|Win32
		{4A51F5FA-B959-41D9-B301-0207AD4EE3A0}.sv5_test|Win32.ActiveCfg = sv5_test|Win32
		{4A51F5FA-B959-41D9-B301-0207AD4EE3A0}.sv5_test|Win32.Build.0 = sv5_test|Win32
		{EDA37B7D-A8F6-4818-9ED7-8000B868C01C}.Debug|Win32.ActiveCfg = Debug|Win32
		{EDA37B7D-A8F6-4818-9ED7-8000B868C01C}.Debug|Win32.Build.0 = Debug|Win32
		{EDA37B7D-A8F6-4818-9ED7-8000B868C01C}.Release|Win32.ActiveCfg = Release|Win32
		{EDA37B7D-A8F6-4818-9ED7-8000B868C01C}.Release|Win32.Build.0 = Release|Win32
		{EDA37B7D-A8F6-4818-9ED7-8000B868C01C}.sv5_test_debug|Win32.ActiveCfg = Release|Win32
		{EDA37B7D-A8F6-4818-9ED7-8000B868C01C}.sv5_test_debug|Win32.Build.0 = Release|Win32
		{EDA37B7D-A8F6-4818-9ED7-8000B868C01C}.sv5_test|Win32.ActiveCfg = Release|Win32
		{EDA37B7D-A8F6-4818-9ED7-8000B868C01C}.sv5_test|Win32.Build.0 = Release|Win32
		{A1898641-4730-4ED7-B52D-F50264654D8B}.Debug|Win32.ActiveCfg = Debug|Win32
		{A1898641-4730-4ED7-B52D-F50264654D8B}.Debug|Win32.Build.0 = Debug|Win32
		{A1898641-4730-4ED7-B52D-F50264654D8B}.Release|Win32.ActiveCfg = Release|Win32
		{A1898641-4730-4ED7-B52D-F50264654D8B}.Release|Win32.Build.0 = Release|Win32
		{A1898641-4730-4ED7-B52D-F50264654D8B}.sv5_test_debug|Win32.ActiveCfg = Release|Win32
		{A1898641-4730-4ED7-B52D-F50264654D8B}.sv5_test_debug|Win32.Build.0 = Release|Win32
		{A1898641-4730-4ED7-B52D-F50264654D8B}.sv5_test|Win32.ActiveCfg = Release|Win32
		{A1898641-4730-4ED7-B52D-F50264654D8B}.sv5_test|Win32.Build.0 = Release|Win32
	EndGlobalSection
	GlobalSection(SolutionProperties) = preSolution
		HideSolutionNode = FALSE
	EndGlobalSection
EndGlobal
